
Microsoft Visual Studio Solution File, Format Version 12.00
# Visual Studio 14
VisualStudioVersion = 14.0.25420.1
MinimumVisualStudioVersion = 10.0.40219.1
Project("{FAE04EC0-301F-11D3-BF4B-00C04F79EFBC}") = "ISBNBookTitler", "ISBNBookTitler\ISBNBookTitler.csproj", "{CAFE3695-9143-4BF8-96BB-02831FFC5A2B}"
EndProject
Project("{FAE04EC0-301F-11D3-BF4B-00C04F79EFBC}") = "FileExtractor", "PDFExtractor\FileExtractor.csproj", "{E009C9E9-3501-4294-BDCE-A3DF8B4B94F0}"
EndProject
Project("{FAE04EC0-301F-11D3-BF4B-00C04F79EFBC}") = "ISBNGetter", "ISBNGetter\ISBNGetter.csproj", "{7990E90F-4490-4A2F-A3B3-EEA8681201F2}"
EndProject
Project("{FAE04EC0-301F-11D3-BF4B-00C04F79EFBC}") = "BookTitleGetter", "BookTitleGetter\BookTitleGetter.csproj", "{D0356D15-E653-4127-AA6B-37C60AACFB7C}"
EndProject
Project("{FAE04EC0-301F-11D3-BF4B-00C04F79EFBC}") = "BookUtil", "BookUtil\BookUtil.csproj", "{C7F27BCE-79DE-4EFE-93EF-D4E44A3FB4DE}"
EndProject
Project("{FAE04EC0-301F-11D3-BF4B-00C04F79EFBC}") = "Common", "Common\Common.csproj", "{0D24A706-12E1-42BC-8CE0-0D956D2B7BE5}"
EndProject
Project("{FAE04EC0-301F-11D3-BF4B-00C04F79EFBC}") = "FileInfoChange", "FileInfoChange\FileInfoChange.csproj", "{C3C25DB3-5C63-4624-ABFE-E4E677CAA009}"
EndProject
Project("{FAE04EC0-301F-11D3-BF4B-00C04F79EFBC}") = "CommonData", "CommonData\CommonData.csproj", "{847F6D4A-17A5-4930-9BD9-BD1F3A9E677B}"
EndProject
Global
	GlobalSection(SolutionConfigurationPlatforms) = preSolution
		Debug|Any CPU = Debug|Any CPU
		Release|Any CPU = Release|Any CPU
	EndGlobalSection
	GlobalSection(ProjectConfigurationPlatforms) = postSolution
		{CAFE3695-9143-4BF8-96BB-02831FFC5A2B}.Debug|Any CPU.ActiveCfg = Debug|Any CPU
		{CAFE3695-9143-4BF8-96BB-02831FFC5A2B}.Debug|Any CPU.Build.0 = Debug|Any CPU
		{CAFE3695-9143-4BF8-96BB-02831FFC5A2B}.Release|Any CPU.ActiveCfg = Release|Any CPU
		{CAFE3695-9143-4BF8-96BB-02831FFC5A2B}.Release|Any CPU.Build.0 = Release|Any CPU
		{E009C9E9-3501-4294-BDCE-A3DF8B4B94F0}.Debug|Any CPU.ActiveCfg = Debug|Any CPU
		{E009C9E9-3501-4294-BDCE-A3DF8B4B94F0}.Debug|Any CPU.Build.0 = Debug|Any CPU
		{E009C9E9-3501-4294-BDCE-A3DF8B4B94F0}.Release|Any CPU.ActiveCfg = Release|Any CPU
		{E009C9E9-3501-4294-BDCE-A3DF8B4B94F0}.Release|Any CPU.Build.0 = Release|Any CPU
		{7990E90F-4490-4A2F-A3B3-EEA8681201F2}.Debug|Any CPU.ActiveCfg = Debug|Any CPU
		{7990E90F-4490-4A2F-A3B3-EEA8681201F2}.Debug|Any CPU.Build.0 = Debug|Any CPU
		{7990E90F-4490-4A2F-A3B3-EEA8681201F2}.Release|Any CPU.ActiveCfg = Release|Any CPU
		{7990E90F-4490-4A2F-A3B3-EEA8681201F2}.Release|Any CPU.Build.0 = Release|Any CPU
		{D0356D15-E653-4127-AA6B-37C60AACFB7C}.Debug|Any CPU.ActiveCfg = Debug|Any CPU
		{D0356D15-E653-4127-AA6B-37C60AACFB7C}.Debug|Any CPU.Build.0 = Debug|Any CPU
		{D0356D15-E653-4127-AA6B-37C60AACFB7C}.Release|Any CPU.ActiveCfg = Release|Any CPU
		{D0356D15-E653-4127-AA6B-37C60AACFB7C}.Release|Any CPU.Build.0 = Release|Any CPU
		{C7F27BCE-79DE-4EFE-93EF-D4E44A3FB4DE}.Debug|Any CPU.ActiveCfg = Debug|Any CPU
		{C7F27BCE-79DE-4EFE-93EF-D4E44A3FB4DE}.Debug|Any CPU.Build.0 = Debug|Any CPU
		{C7F27BCE-79DE-4EFE-93EF-D4E44A3FB4DE}.Release|Any CPU.ActiveCfg = Release|Any CPU
		{C7F27BCE-79DE-4EFE-93EF-D4E44A3FB4DE}.Release|Any CPU.Build.0 = Release|Any CPU
		{0D24A706-12E1-42BC-8CE0-0D956D2B7BE5}.Debug|Any CPU.ActiveCfg = Debug|Any CPU
		{0D24A706-12E1-42BC-8CE0-0D956D2B7BE5}.Debug|Any CPU.Build.0 = Debug|Any CPU
		{0D24A706-12E1-42BC-8CE0-0D956D2B7BE5}.Release|Any CPU.ActiveCfg = Release|Any CPU
		{0D24A706-12E1-42BC-8CE0-0D956D2B7BE5}.Release|Any CPU.Build.0 = Release|Any CPU
		{C3C25DB3-5C63-4624-ABFE-E4E677CAA009}.Debug|Any CPU.ActiveCfg = Debug|Any CPU
		{C3C25DB3-5C63-4624-ABFE-E4E677CAA009}.Debug|Any CPU.Build.0 = Debug|Any CPU
		{C3C25DB3-5C63-4624-ABFE-E4E677CAA009}.Release|Any CPU.ActiveCfg = Release|Any CPU
		{C3C25DB3-5C63-4624-ABFE-E4E677CAA009}.Release|Any CPU.Build.0 = Release|Any CPU
		{847F6D4A-17A5-4930-9BD9-BD1F3A9E677B}.Debug|Any CPU.ActiveCfg = Debug|Any CPU
		{847F6D4A-17A5-4930-9BD9-BD1F3A9E677B}.Debug|Any CPU.Build.0 = Debug|Any CPU
		{847F6D4A-17A5-4930-9BD9-BD1F3A9E677B}.Release|Any CPU.ActiveCfg = Release|Any CPU
		{847F6D4A-17A5-4930-9BD9-BD1F3A9E677B}.Release|Any CPU.Build.0 = Release|Any CPU
	EndGlobalSection
	GlobalSection(SolutionProperties) = preSolution
		HideSolutionNode = FALSE
	EndGlobalSection
EndGlobal
